
Microsoft Visual Studio Solution File, Format Version 12.00
# Visual Studio Version 17
VisualStudioVersion = 17.4.33213.308
MinimumVisualStudioVersion = 10.0.40219.1
Project("{FAE04EC0-301F-11D3-BF4B-00C04F79EFBC}") = "ApiCaller", "ApiCaller\ApiCaller.csproj", "{8AA5F53B-6592-4A02-B726-09891D03206C}"
EndProject
Project("{FAE04EC0-301F-11D3-BF4B-00C04F79EFBC}") = "Common", "Common\Common.csproj", "{9049FCA2-4D23-49E7-91FB-287FFD8E6D28}"
EndProject
Global
	GlobalSection(SolutionConfigurationPlatforms) = preSolution
		Debug|Any CPU = Debug|Any CPU
		Release|Any CPU = Release|Any CPU
	EndGlobalSection
	GlobalSection(ProjectConfigurationPlatforms) = postSolution
		{8AA5F53B-6592-4A02-B726-09891D03206C}.Debug|Any CPU.ActiveCfg = Debug|Any CPU
		{8AA5F53B-6592-4A02-B726-09891D03206C}.Debug|Any CPU.Build.0 = Debug|Any CPU
		{8AA5F53B-6592-4A02-B726-09891D03206C}.Release|Any CPU.ActiveCfg = Release|Any CPU
		{8AA5F53B-6592-4A02-B726-09891D03206C}.Release|Any CPU.Build.0 = Release|Any CPU
		{9049FCA2-4D23-49E7-91FB-287FFD8E6D28}.Debug|Any CPU.ActiveCfg = Debug|Any CPU
		{9049FCA2-4D23-49E7-91FB-287FFD8E6D28}.Debug|Any CPU.Build.0 = Debug|Any CPU
		{9049FCA2-4D23-49E7-91FB-287FFD8E6D28}.Release|Any CPU.ActiveCfg = Release|Any CPU
		{9049FCA2-4D23-49E7-91FB-287FFD8E6D28}.Release|Any CPU.Build.0 = Release|Any CPU
	EndGlobalSection
	GlobalSection(SolutionProperties) = preSolution
		HideSolutionNode = FALSE
	EndGlobalSection
	GlobalSection(ExtensibilityGlobals) = postSolution
		SolutionGuid = {F2620DE6-0A69-460B-B8C0-2E537EF2E5E4}
	EndGlobalSection
EndGlobal
